
Microsoft Visual Studio Solution File, Format Version 12.00
# Visual Studio Version 16
VisualStudioVersion = 16.0.29519.181
MinimumVisualStudioVersion = 10.0.40219.1
Project("{FAE04EC0-301F-11D3-BF4B-00C04F79EFBC}") = "1050Final", "1050Final.csproj", "{66981FA2-21D4-4FDE-A3A2-56EA3ECEA661}"
EndProject
Global
	GlobalSection(SolutionConfigurationPlatforms) = preSolution
		Debug|Any CPU = Debug|Any CPU
		Release|Any CPU = Release|Any CPU
	EndGlobalSection
	GlobalSection(ProjectConfigurationPlatforms) = postSolution
		{66981FA2-21D4-4FDE-A3A2-56EA3ECEA661}.Debug|Any CPU.ActiveCfg = Debug|Any CPU
		{66981FA2-21D4-4FDE-A3A2-56EA3ECEA661}.Debug|Any CPU.Build.0 = Debug|Any CPU
		{66981FA2-21D4-4FDE-A3A2-56EA3ECEA661}.Release|Any CPU.ActiveCfg = Release|Any CPU
		{66981FA2-21D4-4FDE-A3A2-56EA3ECEA661}.Release|Any CPU.Build.0 = Release|Any CPU
	EndGlobalSection
	GlobalSection(SolutionProperties) = preSolution
		HideSolutionNode = FALSE
	EndGlobalSection
	GlobalSection(ExtensibilityGlobals) = postSolution
		SolutionGuid = {5E9CF4DE-FAC2-4061-99CC-C42EB3086254}
	EndGlobalSection
EndGlobal
