
Microsoft Visual Studio Solution File, Format Version 12.00
# Visual Studio Version 16
VisualStudioVersion = 16.0.29403.142
MinimumVisualStudioVersion = 10.0.40219.1
Project("{FAE04EC0-301F-11D3-BF4B-00C04F79EFBC}") = "The Reqs To Vote", "The Reqs To Vote\The Reqs To Vote.csproj", "{1B554117-D7D5-4F66-9A84-C13ED64F43E2}"
EndProject
Global
	GlobalSection(SolutionConfigurationPlatforms) = preSolution
		Debug|Any CPU = Debug|Any CPU
		Release|Any CPU = Release|Any CPU
	EndGlobalSection
	GlobalSection(ProjectConfigurationPlatforms) = postSolution
		{1B554117-D7D5-4F66-9A84-C13ED64F43E2}.Debug|Any CPU.ActiveCfg = Debug|Any CPU
		{1B554117-D7D5-4F66-9A84-C13ED64F43E2}.Debug|Any CPU.Build.0 = Debug|Any CPU
		{1B554117-D7D5-4F66-9A84-C13ED64F43E2}.Release|Any CPU.ActiveCfg = Release|Any CPU
		{1B554117-D7D5-4F66-9A84-C13ED64F43E2}.Release|Any CPU.Build.0 = Release|Any CPU
	EndGlobalSection
	GlobalSection(SolutionProperties) = preSolution
		HideSolutionNode = FALSE
	EndGlobalSection
	GlobalSection(ExtensibilityGlobals) = postSolution
		SolutionGuid = {FCCCB36D-0EAB-48C1-803F-9EEE6BB467CD}
	EndGlobalSection
EndGlobal
